// !$*UTF8*$!
{
	archiveVersion = 1;
	classes = {
	};
	objectVersion = 56;
	objects = {

/* Begin PBXBuildFile section */
		3701B29B2C8E96200014B321 /* WordleApp.swift in Sources */ = {isa = PBXBuildFile; fileRef = 3701B29A2C8E96200014B321 /* WordleApp.swift */; };
		3701B29F2C8E96210014B321 /* Assets.xcassets in Resources */ = {isa = PBXBuildFile; fileRef = 3701B29E2C8E96210014B321 /* Assets.xcassets */; };
		3701B2A22C8E96210014B321 /* Preview Assets.xcassets in Resources */ = {isa = PBXBuildFile; fileRef = 3701B2A12C8E96210014B321 /* Preview Assets.xcassets */; };
		379BE4382C92559100C8EF7D /* english-words.txt in Resources */ = {isa = PBXBuildFile; fileRef = 379BE4372C92559100C8EF7D /* english-words.txt */; };
		379BE43C2C92562E00C8EF7D /* WordManager.swift in Sources */ = {isa = PBXBuildFile; fileRef = 379BE43B2C92562E00C8EF7D /* WordManager.swift */; };
		379BE4402C92720400C8EF7D /* WordView.swift in Sources */ = {isa = PBXBuildFile; fileRef = 379BE43F2C92720400C8EF7D /* WordView.swift */; };
		379BE4422C92728400C8EF7D /* WordListView.swift in Sources */ = {isa = PBXBuildFile; fileRef = 379BE4412C92728400C8EF7D /* WordListView.swift */; };
		379BE4452C92743D00C8EF7D /* ModelData.swift in Sources */ = {isa = PBXBuildFile; fileRef = 379BE4442C92743D00C8EF7D /* ModelData.swift */; };
		379BE4472C9293CF00C8EF7D /* Word.swift in Sources */ = {isa = PBXBuildFile; fileRef = 379BE4462C9293CF00C8EF7D /* Word.swift */; };
		379BE4492C9650BF00C8EF7D /* ContentView.swift in Sources */ = {isa = PBXBuildFile; fileRef = 379BE4482C9650BF00C8EF7D /* ContentView.swift */; };
		379BE44F2C9A5C5200C8EF7D /* LetterView.swift in Sources */ = {isa = PBXBuildFile; fileRef = 379BE44E2C9A5C5200C8EF7D /* LetterView.swift */; };
		379BE4512C9AB24C00C8EF7D /* KeyboardView.swift in Sources */ = {isa = PBXBuildFile; fileRef = 379BE4502C9AB24C00C8EF7D /* KeyboardView.swift */; };
		379BE4532C9ABFDA00C8EF7D /* KeyView.swift in Sources */ = {isa = PBXBuildFile; fileRef = 379BE4522C9ABFDA00C8EF7D /* KeyView.swift */; };
		37F888722D02DC3000258BDC /* Keyboard.swift in Sources */ = {isa = PBXBuildFile; fileRef = 37F888712D02DC3000258BDC /* Keyboard.swift */; };
/* End PBXBuildFile section */

/* Begin PBXFileReference section */
		3701B2972C8E96200014B321 /* Wordle.app */ = {isa = PBXFileReference; explicitFileType = wrapper.application; includeInIndex = 0; path = Wordle.app; sourceTree = BUILT_PRODUCTS_DIR; };
		3701B29A2C8E96200014B321 /* WordleApp.swift */ = {isa = PBXFileReference; lastKnownFileType = sourcecode.swift; path = WordleApp.swift; sourceTree = "<group>"; };
		3701B29E2C8E96210014B321 /* Assets.xcassets */ = {isa = PBXFileReference; lastKnownFileType = folder.assetcatalog; path = Assets.xcassets; sourceTree = "<group>"; };
		3701B2A12C8E96210014B321 /* Preview Assets.xcassets */ = {isa = PBXFileReference; lastKnownFileType = folder.assetcatalog; path = "Preview Assets.xcassets"; sourceTree = "<group>"; };
		379BE4372C92559100C8EF7D /* english-words.txt */ = {isa = PBXFileReference; fileEncoding = 4; lastKnownFileType = text; path = "english-words.txt"; sourceTree = "<group>"; };
		379BE43B2C92562E00C8EF7D /* WordManager.swift */ = {isa = PBXFileReference; lastKnownFileType = sourcecode.swift; path = WordManager.swift; sourceTree = "<group>"; };
		379BE43F2C92720400C8EF7D /* WordView.swift */ = {isa = PBXFileReference; lastKnownFileType = sourcecode.swift; path = WordView.swift; sourceTree = "<group>"; };
		379BE4412C92728400C8EF7D /* WordListView.swift */ = {isa = PBXFileReference; lastKnownFileType = sourcecode.swift; path = WordListView.swift; sourceTree = "<group>"; };
		379BE4442C92743D00C8EF7D /* ModelData.swift */ = {isa = PBXFileReference; lastKnownFileType = sourcecode.swift; path = ModelData.swift; sourceTree = "<group>"; };
		379BE4462C9293CF00C8EF7D /* Word.swift */ = {isa = PBXFileReference; lastKnownFileType = sourcecode.swift; path = Word.swift; sourceTree = "<group>"; };
		379BE4482C9650BF00C8EF7D /* ContentView.swift */ = {isa = PBXFileReference; lastKnownFileType = sourcecode.swift; path = ContentView.swift; sourceTree = "<group>"; };
		379BE44E2C9A5C5200C8EF7D /* LetterView.swift */ = {isa = PBXFileReference; lastKnownFileType = sourcecode.swift; path = LetterView.swift; sourceTree = "<group>"; };
		379BE4502C9AB24C00C8EF7D /* KeyboardView.swift */ = {isa = PBXFileReference; lastKnownFileType = sourcecode.swift; path = KeyboardView.swift; sourceTree = "<group>"; };
		379BE4522C9ABFDA00C8EF7D /* KeyView.swift */ = {isa = PBXFileReference; lastKnownFileType = sourcecode.swift; path = KeyView.swift; sourceTree = "<group>"; };
		37F888712D02DC3000258BDC /* Keyboard.swift */ = {isa = PBXFileReference; lastKnownFileType = sourcecode.swift; path = Keyboard.swift; sourceTree = "<group>"; };
/* End PBXFileReference section */

/* Begin PBXFrameworksBuildPhase section */
		3701B2942C8E96200014B321 /* Frameworks */ = {
			isa = PBXFrameworksBuildPhase;
			buildActionMask = 2147483647;
			files = (
			);
			runOnlyForDeploymentPostprocessing = 0;
		};
/* End PBXFrameworksBuildPhase section */

/* Begin PBXGroup section */
		3701B28E2C8E96200014B321 = {
			isa = PBXGroup;
			children = (
				3701B2992C8E96200014B321 /* Wordle */,
				3701B2982C8E96200014B321 /* Products */,
			);
			sourceTree = "<group>";
		};
		3701B2982C8E96200014B321 /* Products */ = {
			isa = PBXGroup;
			children = (
				3701B2972C8E96200014B321 /* Wordle.app */,
			);
			name = Products;
			sourceTree = "<group>";
		};
		3701B2992C8E96200014B321 /* Wordle */ = {
			isa = PBXGroup;
			children = (
				3701B29A2C8E96200014B321 /* WordleApp.swift */,
				379BE43D2C9256FF00C8EF7D /* Views */,
				379BE4432C9273F400C8EF7D /* Model */,
				379BE43E2C92572300C8EF7D /* Resources */,
				379BE43B2C92562E00C8EF7D /* WordManager.swift */,
				3701B29E2C8E96210014B321 /* Assets.xcassets */,
				3701B2A02C8E96210014B321 /* Preview Content */,
			);
			path = Wordle;
			sourceTree = "<group>";
		};
		3701B2A02C8E96210014B321 /* Preview Content */ = {
			isa = PBXGroup;
			children = (
				3701B2A12C8E96210014B321 /* Preview Assets.xcassets */,
			);
			path = "Preview Content";
			sourceTree = "<group>";
		};
		379BE43D2C9256FF00C8EF7D /* Views */ = {
			isa = PBXGroup;
			children = (
				379BE4482C9650BF00C8EF7D /* ContentView.swift */,
				379BE44E2C9A5C5200C8EF7D /* LetterView.swift */,
				379BE43F2C92720400C8EF7D /* WordView.swift */,
				379BE4412C92728400C8EF7D /* WordListView.swift */,
				379BE4522C9ABFDA00C8EF7D /* KeyView.swift */,
				379BE4502C9AB24C00C8EF7D /* KeyboardView.swift */,
			);
			path = Views;
			sourceTree = "<group>";
		};
		379BE43E2C92572300C8EF7D /* Resources */ = {
			isa = PBXGroup;
			children = (
				379BE4372C92559100C8EF7D /* english-words.txt */,
			);
			path = Resources;
			sourceTree = "<group>";
		};
		379BE4432C9273F400C8EF7D /* Model */ = {
			isa = PBXGroup;
			children = (
				379BE4442C92743D00C8EF7D /* ModelData.swift */,
				379BE4462C9293CF00C8EF7D /* Word.swift */,
				37F888712D02DC3000258BDC /* Keyboard.swift */,
			);
			path = Model;
			sourceTree = "<group>";
		};
/* End PBXGroup section */

/* Begin PBXNativeTarget section */
		3701B2962C8E96200014B321 /* Wordle */ = {
			isa = PBXNativeTarget;
			buildConfigurationList = 3701B2A52C8E96210014B321 /* Build configuration list for PBXNativeTarget "Wordle" */;
			buildPhases = (
				3701B2932C8E96200014B321 /* Sources */,
				3701B2942C8E96200014B321 /* Frameworks */,
				3701B2952C8E96200014B321 /* Resources */,
			);
			buildRules = (
			);
			dependencies = (
			);
			name = Wordle;
			productName = Wordle;
			productReference = 3701B2972C8E96200014B321 /* Wordle.app */;
			productType = "com.apple.product-type.application";
		};
/* End PBXNativeTarget section */

/* Begin PBXProject section */
		3701B28F2C8E96200014B321 /* Project object */ = {
			isa = PBXProject;
			attributes = {
				BuildIndependentTargetsInParallel = 1;
				LastSwiftUpdateCheck = 1540;
				LastUpgradeCheck = 1540;
				TargetAttributes = {
					3701B2962C8E96200014B321 = {
						CreatedOnToolsVersion = 15.4;
					};
				};
			};
			buildConfigurationList = 3701B2922C8E96200014B321 /* Build configuration list for PBXProject "Wordle" */;
			compatibilityVersion = "Xcode 14.0";
			developmentRegion = en;
			hasScannedForEncodings = 0;
			knownRegions = (
				en,
				Base,
			);
			mainGroup = 3701B28E2C8E96200014B321;
			productRefGroup = 3701B2982C8E96200014B321 /* Products */;
			projectDirPath = "";
			projectRoot = "";
			targets = (
				3701B2962C8E96200014B321 /* Wordle */,
			);
		};
/* End PBXProject section */

/* Begin PBXResourcesBuildPhase section */
		3701B2952C8E96200014B321 /* Resources */ = {
			isa = PBXResourcesBuildPhase;
			buildActionMask = 2147483647;
			files = (
				3701B2A22C8E96210014B321 /* Preview Assets.xcassets in Resources */,
				379BE4382C92559100C8EF7D /* english-words.txt in Resources */,
				3701B29F2C8E96210014B321 /* Assets.xcassets in Resources */,
			);
			runOnlyForDeploymentPostprocessing = 0;
		};
/* End PBXResourcesBuildPhase section */

/* Begin PBXSourcesBuildPhase section */
		3701B2932C8E96200014B321 /* Sources */ = {
			isa = PBXSourcesBuildPhase;
			buildActionMask = 2147483647;
			files = (
				379BE4402C92720400C8EF7D /* WordView.swift in Sources */,
				379BE4472C9293CF00C8EF7D /* Word.swift in Sources */,
				379BE4532C9ABFDA00C8EF7D /* KeyView.swift in Sources */,
				37F888722D02DC3000258BDC /* Keyboard.swift in Sources */,
				379BE4492C9650BF00C8EF7D /* ContentView.swift in Sources */,
				379BE4512C9AB24C00C8EF7D /* KeyboardView.swift in Sources */,
				379BE4422C92728400C8EF7D /* WordListView.swift in Sources */,
				3701B29B2C8E96200014B321 /* WordleApp.swift in Sources */,
				379BE43C2C92562E00C8EF7D /* WordManager.swift in Sources */,
				379BE44F2C9A5C5200C8EF7D /* LetterView.swift in Sources */,
				379BE4452C92743D00C8EF7D /* ModelData.swift in Sources */,
			);
			runOnlyForDeploymentPostprocessing = 0;
		};
/* End PBXSourcesBuildPhase section */

/* Begin XCBuildConfiguration section */
		3701B2A32C8E96210014B321 /* Debug */ = {
			isa = XCBuildConfiguration;
			buildSettings = {
				ALWAYS_SEARCH_USER_PATHS = NO;
				ASSETCATALOG_COMPILER_GENERATE_SWIFT_ASSET_SYMBOL_EXTENSIONS = YES;
				CLANG_ANALYZER_NONNULL = YES;
				CLANG_ANALYZER_NUMBER_OBJECT_CONVERSION = YES_AGGRESSIVE;
				CLANG_CXX_LANGUAGE_STANDARD = "gnu++20";
				CLANG_ENABLE_MODULES = YES;
				CLANG_ENABLE_OBJC_ARC = YES;
				CLANG_ENABLE_OBJC_WEAK = YES;
				CLANG_WARN_BLOCK_CAPTURE_AUTORELEASING = YES;
				CLANG_WARN_BOOL_CONVERSION = YES;
				CLANG_WARN_COMMA = YES;
				CLANG_WARN_CONSTANT_CONVERSION = YES;
				CLANG_WARN_DEPRECATED_OBJC_IMPLEMENTATIONS = YES;
				CLANG_WARN_DIRECT_OBJC_ISA_USAGE = YES_ERROR;
				CLANG_WARN_DOCUMENTATION_COMMENTS = YES;
				CLANG_WARN_EMPTY_BODY = YES;
				CLANG_WARN_ENUM_CONVERSION = YES;
				CLANG_WARN_INFINITE_RECURSION = YES;
				CLANG_WARN_INT_CONVERSION = YES;
				CLANG_WARN_NON_LITERAL_NULL_CONVERSION = YES;
				CLANG_WARN_OBJC_IMPLICIT_RETAIN_SELF = YES;
				CLANG_WARN_OBJC_LITERAL_CONVERSION = YES;
				CLANG_WARN_OBJC_ROOT_CLASS = YES_ERROR;
				CLANG_WARN_QUOTED_INCLUDE_IN_FRAMEWORK_HEADER = YES;
				CLANG_WARN_RANGE_LOOP_ANALYSIS = YES;
				CLANG_WARN_STRICT_PROTOTYPES = YES;
				CLANG_WARN_SUSPICIOUS_MOVE = YES;
				CLANG_WARN_UNGUARDED_AVAILABILITY = YES_AGGRESSIVE;
				CLANG_WARN_UNREACHABLE_CODE = YES;
				CLANG_WARN__DUPLICATE_METHOD_MATCH = YES;
				COPY_PHASE_STRIP = NO;
				DEBUG_INFORMATION_FORMAT = dwarf;
				ENABLE_STRICT_OBJC_MSGSEND = YES;
				ENABLE_TESTABILITY = YES;
				ENABLE_USER_SCRIPT_SANDBOXING = YES;
				GCC_C_LANGUAGE_STANDARD = gnu17;
				GCC_DYNAMIC_NO_PIC = NO;
				GCC_NO_COMMON_BLOCKS = YES;
				GCC_OPTIMIZATION_LEVEL = 0;
				GCC_PREPROCESSOR_DEFINITIONS = (
					"DEBUG=1",
					"$(inherited)",
				);
				GCC_WARN_64_TO_32_BIT_CONVERSION = YES;
				GCC_WARN_ABOUT_RETURN_TYPE = YES_ERROR;
				GCC_WARN_UNDECLARED_SELECTOR = YES;
				GCC_WARN_UNINITIALIZED_AUTOS = YES_AGGRESSIVE;
				GCC_WARN_UNUSED_FUNCTION = YES;
				GCC_WARN_UNUSED_VARIABLE = YES;
				IPHONEOS_DEPLOYMENT_TARGET = 17.5;
				LOCALIZATION_PREFERS_STRING_CATALOGS = YES;
				MTL_ENABLE_DEBUG_INFO = INCLUDE_SOURCE;
				MTL_FAST_MATH = YES;
				ONLY_ACTIVE_ARCH = YES;
				SDKROOT = iphoneos;
				SWIFT_ACTIVE_COMPILATION_CONDITIONS = "DEBUG $(inherited)";
				SWIFT_OPTIMIZATION_LEVEL = "-Onone";
			};
			name = Debug;
		};
		3701B2A42C8E96210014B321 /* Release */ = {
			isa = XCBuildConfiguration;
			buildSettings = {
				ALWAYS_SEARCH_USER_PATHS = NO;
				ASSETCATALOG_COMPILER_GENERATE_SWIFT_ASSET_SYMBOL_EXTENSIONS = YES;
				CLANG_ANALYZER_NONNULL = YES;
				CLANG_ANALYZER_NUMBER_OBJECT_CONVERSION = YES_AGGRESSIVE;
				CLANG_CXX_LANGUAGE_STANDARD = "gnu++20";
				CLANG_ENABLE_MODULES = YES;
				CLANG_ENABLE_OBJC_ARC = YES;
				CLANG_ENABLE_OBJC_WEAK = YES;
				CLANG_WARN_BLOCK_CAPTURE_AUTORELEASING = YES;
				CLANG_WARN_BOOL_CONVERSION = YES;
				CLANG_WARN_COMMA = YES;
				CLANG_WARN_CONSTANT_CONVERSION = YES;
				CLANG_WARN_DEPRECATED_OBJC_IMPLEMENTATIONS = YES;
				CLANG_WARN_DIRECT_OBJC_ISA_USAGE = YES_ERROR;
				CLANG_WARN_DOCUMENTATION_COMMENTS = YES;
				CLANG_WARN_EMPTY_BODY = YES;
				CLANG_WARN_ENUM_CONVERSION = YES;
				CLANG_WARN_INFINITE_RECURSION = YES;
				CLANG_WARN_INT_CONVERSION = YES;
				CLANG_WARN_NON_LITERAL_NULL_CONVERSION = YES;
				CLANG_WARN_OBJC_IMPLICIT_RETAIN_SELF = YES;
				CLANG_WARN_OBJC_LITERAL_CONVERSION = YES;
				CLANG_WARN_OBJC_ROOT_CLASS = YES_ERROR;
				CLANG_WARN_QUOTED_INCLUDE_IN_FRAMEWORK_HEADER = YES;
				CLANG_WARN_RANGE_LOOP_ANALYSIS = YES;
				CLANG_WARN_STRICT_PROTOTYPES = YES;
				CLANG_WARN_SUSPICIOUS_MOVE = YES;
				CLANG_WARN_UNGUARDED_AVAILABILITY = YES_AGGRESSIVE;
				CLANG_WARN_UNREACHABLE_CODE = YES;
				CLANG_WARN__DUPLICATE_METHOD_MATCH = YES;
				COPY_PHASE_STRIP = NO;
				DEBUG_INFORMATION_FORMAT = "dwarf-with-dsym";
				ENABLE_NS_ASSERTIONS = NO;
				ENABLE_STRICT_OBJC_MSGSEND = YES;
				ENABLE_USER_SCRIPT_SANDBOXING = YES;
				GCC_C_LANGUAGE_STANDARD = gnu17;
				GCC_NO_COMMON_BLOCKS = YES;
				GCC_WARN_64_TO_32_BIT_CONVERSION = YES;
				GCC_WARN_ABOUT_RETURN_TYPE = YES_ERROR;
				GCC_WARN_UNDECLARED_SELECTOR = YES;
				GCC_WARN_UNINITIALIZED_AUTOS = YES_AGGRESSIVE;
				GCC_WARN_UNUSED_FUNCTION = YES;
				GCC_WARN_UNUSED_VARIABLE = YES;
				IPHONEOS_DEPLOYMENT_TARGET = 17.5;
				LOCALIZATION_PREFERS_STRING_CATALOGS = YES;
				MTL_ENABLE_DEBUG_INFO = NO;
				MTL_FAST_MATH = YES;
				SDKROOT = iphoneos;
				SWIFT_COMPILATION_MODE = wholemodule;
				VALIDATE_PRODUCT = YES;
			};
			name = Release;
		};
		3701B2A62C8E96210014B321 /* Debug */ = {
			isa = XCBuildConfiguration;
			buildSettings = {
				ASSETCATALOG_COMPILER_APPICON_NAME = AppIcon;
				ASSETCATALOG_COMPILER_GLOBAL_ACCENT_COLOR_NAME = AccentColor;
				CODE_SIGN_STYLE = Automatic;
				CURRENT_PROJECT_VERSION = 1;
				DEVELOPMENT_ASSET_PATHS = "\"Wordle/Preview Content\"";
				DEVELOPMENT_TEAM = 99D8GKU8Y6;
				ENABLE_PREVIEWS = YES;
				GENERATE_INFOPLIST_FILE = YES;
				INFOPLIST_KEY_UIApplicationSceneManifest_Generation = YES;
				INFOPLIST_KEY_UIApplicationSupportsIndirectInputEvents = YES;
				INFOPLIST_KEY_UILaunchScreen_Generation = YES;
				INFOPLIST_KEY_UISupportedInterfaceOrientations_iPad = "UIInterfaceOrientationPortrait UIInterfaceOrientationPortraitUpsideDown UIInterfaceOrientationLandscapeLeft UIInterfaceOrientationLandscapeRight";
				INFOPLIST_KEY_UISupportedInterfaceOrientations_iPhone = "UIInterfaceOrientationPortrait UIInterfaceOrientationLandscapeLeft UIInterfaceOrientationLandscapeRight";
				LD_RUNPATH_SEARCH_PATHS = (
					"$(inherited)",
					"@executable_path/Frameworks",
				);
				MARKETING_VERSION = 1.0;
				PRODUCT_BUNDLE_IDENTIFIER = com.qson.Wordle;
				PRODUCT_NAME = "$(TARGET_NAME)";
				SWIFT_EMIT_LOC_STRINGS = YES;
				SWIFT_VERSION = 5.0;
				TARGETED_DEVICE_FAMILY = "1,2";
			};
			name = Debug;
		};
		3701B2A72C8E96210014B321 /* Release */ = {
			isa = XCBuildConfiguration;
			buildSettings = {
				ASSETCATALOG_COMPILER_APPICON_NAME = AppIcon;
				ASSETCATALOG_COMPILER_GLOBAL_ACCENT_COLOR_NAME = AccentColor;
				CODE_SIGN_STYLE = Automatic;
				CURRENT_PROJECT_VERSION = 1;
				DEVELOPMENT_ASSET_PATHS = "\"Wordle/Preview Content\"";
				DEVELOPMENT_TEAM = 99D8GKU8Y6;
				ENABLE_PREVIEWS = YES;
				GENERATE_INFOPLIST_FILE = YES;
				INFOPLIST_KEY_UIApplicationSceneManifest_Generation = YES;
				INFOPLIST_KEY_UIApplicationSupportsIndirectInputEvents = YES;
				INFOPLIST_KEY_UILaunchScreen_Generation = YES;
				INFOPLIST_KEY_UISupportedInterfaceOrientations_iPad = "UIInterfaceOrientationPortrait UIInterfaceOrientationPortraitUpsideDown UIInterfaceOrientationLandscapeLeft UIInterfaceOrientationLandscapeRight";
				INFOPLIST_KEY_UISupportedInterfaceOrientations_iPhone = "UIInterfaceOrientationPortrait UIInterfaceOrientationLandscapeLeft UIInterfaceOrientationLandscapeRight";
				LD_RUNPATH_SEARCH_PATHS = (
					"$(inherited)",
					"@executable_path/Frameworks",
				);
				MARKETING_VERSION = 1.0;
				PRODUCT_BUNDLE_IDENTIFIER = com.qson.Wordle;
				PRODUCT_NAME = "$(TARGET_NAME)";
				SWIFT_EMIT_LOC_STRINGS = YES;
				SWIFT_VERSION = 5.0;
				TARGETED_DEVICE_FAMILY = "1,2";
			};
			name = Release;
		};
/* End XCBuildConfiguration section */

/* Begin XCConfigurationList section */
		3701B2922C8E96200014B321 /* Build configuration list for PBXProject "Wordle" */ = {
			isa = XCConfigurationList;
			buildConfigurations = (
				3701B2A32C8E96210014B321 /* Debug */,
				3701B2A42C8E96210014B321 /* Release */,
			);
			defaultConfigurationIsVisible = 0;
			defaultConfigurationName = Release;
		};
		3701B2A52C8E96210014B321 /* Build configuration list for PBXNativeTarget "Wordle" */ = {
			isa = XCConfigurationList;
			buildConfigurations = (
				3701B2A62C8E96210014B321 /* Debug */,
				3701B2A72C8E96210014B321 /* Release */,
			);
			defaultConfigurationIsVisible = 0;
			defaultConfigurationName = Release;
		};
/* End XCConfigurationList section */
	};
	rootObject = 3701B28F2C8E96200014B321 /* Project object */;
}
